
Microsoft Visual Studio Solution File, Format Version 12.00
# Visual Studio 2012
Project("{f2a71f9b-5d33-465a-a702-920d77279786}") = "Snake", "Snake.fsproj", "{526DCDE1-D9CB-43AA-9261-C64FC06DE429}"
EndProject
Global
	GlobalSection(SolutionConfigurationPlatforms) = preSolution
		Debug|x86 = Debug|x86
		Release|x86 = Release|x86
	EndGlobalSection
	GlobalSection(ProjectConfigurationPlatforms) = postSolution
		{526DCDE1-D9CB-43AA-9261-C64FC06DE429}.Debug|x86.ActiveCfg = Debug|x86
		{526DCDE1-D9CB-43AA-9261-C64FC06DE429}.Debug|x86.Build.0 = Debug|x86
		{526DCDE1-D9CB-43AA-9261-C64FC06DE429}.Release|x86.ActiveCfg = Release|x86
		{526DCDE1-D9CB-43AA-9261-C64FC06DE429}.Release|x86.Build.0 = Release|x86
	EndGlobalSection
EndGlobal
